{
  "requires": true,
  "lockfileVersion": 1,
  "dependencies": {
    "bootstrap": {
      "version": "3.4.1",
      "resolved": "https://registry.npm.taobao.org/bootstrap/download/bootstrap-3.4.1.tgz?cache=0&other_urls=https%3A%2F%2Fregistry.npm.taobao.org%2Fbootstrap%2Fdownload%2Fbootstrap-3.4.1.tgz",
      "integrity": "sha1-w6NH1Bniia0R9AM+PEEyuHwIHXI="
    },
    "essence-ng2-print": {
      "version": "1.1.0",
      "resolved": "https://registry.npm.taobao.org/essence-ng2-print/download/essence-ng2-print-1.1.0.tgz",
      "integrity": "sha1-oPD1Ptkb2HWFp52i0uJN47H7Qm8=",
      "requires": {
        "bootstrap": "^3.3.7"
      }
    }
  }
}
